
Microsoft Visual Studio Solution File, Format Version 12.00
# Visual Studio 15
VisualStudioVersion = 15.0.26430.13
MinimumVisualStudioVersion = 10.0.40219.1
Project("{FAE04EC0-301F-11D3-BF4B-00C04F79EFBC}") = "DroneLander.Android", "DroneLander\DroneLander.Android\DroneLander.Android.csproj", "{3EF6A3EE-9B50-42F2-B692-2F23B2560473}"
EndProject
Project("{FAE04EC0-301F-11D3-BF4B-00C04F79EFBC}") = "DroneLander", "DroneLander\DroneLander\DroneLander.csproj", "{0CD7B0AE-C9AE-43C0-927D-959AC8EE777B}"
EndProject
Project("{FAE04EC0-301F-11D3-BF4B-00C04F79EFBC}") = "DroneLander.UWP", "DroneLander\DroneLander.UWP\DroneLander.UWP.csproj", "{D918DCA4-33A1-4A31-980C-32EBED921247}"
EndProject
Project("{FAE04EC0-301F-11D3-BF4B-00C04F79EFBC}") = "DroneLander.iOS", "DroneLander\DroneLander.iOS\DroneLander.iOS.csproj", "{038EEC7E-B469-462B-B8E7-39DC69C58E73}"
EndProject
Global
	GlobalSection(SolutionConfigurationPlatforms) = preSolution
		Ad-Hoc|Any CPU = Ad-Hoc|Any CPU
		Ad-Hoc|ARM = Ad-Hoc|ARM
		Ad-Hoc|iPhone = Ad-Hoc|iPhone
		Ad-Hoc|iPhoneSimulator = Ad-Hoc|iPhoneSimulator
		Ad-Hoc|x64 = Ad-Hoc|x64
		Ad-Hoc|x86 = Ad-Hoc|x86
		AppStore|Any CPU = AppStore|Any CPU
		AppStore|ARM = AppStore|ARM
		AppStore|iPhone = AppStore|iPhone
		AppStore|iPhoneSimulator = AppStore|iPhoneSimulator
		AppStore|x64 = AppStore|x64
		AppStore|x86 = AppStore|x86
		Debug|Any CPU = Debug|Any CPU
		Debug|ARM = Debug|ARM
		Debug|iPhone = Debug|iPhone
		Debug|iPhoneSimulator = Debug|iPhoneSimulator
		Debug|x64 = Debug|x64
		Debug|x86 = Debug|x86
		Release|Any CPU = Release|Any CPU
		Release|ARM = Release|ARM
		Release|iPhone = Release|iPhone
		Release|iPhoneSimulator = Release|iPhoneSimulator
		Release|x64 = Release|x64
		Release|x86 = Release|x86
	EndGlobalSection
	GlobalSection(ProjectConfigurationPlatforms) = postSolution
		{3EF6A3EE-9B50-42F2-B692-2F23B2560473}.Ad-Hoc|Any CPU.ActiveCfg = Release|Any CPU
		{3EF6A3EE-9B50-42F2-B692-2F23B2560473}.Ad-Hoc|Any CPU.Build.0 = Release|Any CPU
		{3EF6A3EE-9B50-42F2-B692-2F23B2560473}.Ad-Hoc|Any CPU.Deploy.0 = Release|Any CPU
		{3EF6A3EE-9B50-42F2-B692-2F23B2560473}.Ad-Hoc|ARM.ActiveCfg = Release|Any CPU
		{3EF6A3EE-9B50-42F2-B692-2F23B2560473}.Ad-Hoc|ARM.Build.0 = Release|Any CPU
		{3EF6A3EE-9B50-42F2-B692-2F23B2560473}.Ad-Hoc|ARM.Deploy.0 = Release|Any CPU
		{3EF6A3EE-9B50-42F2-B692-2F23B2560473}.Ad-Hoc|iPhone.ActiveCfg = Release|Any CPU
		{3EF6A3EE-9B50-42F2-B692-2F23B2560473}.Ad-Hoc|iPhone.Build.0 = Release|Any CPU
		{3EF6A3EE-9B50-42F2-B692-2F23B2560473}.Ad-Hoc|iPhone.Deploy.0 = Release|Any CPU
		{3EF6A3EE-9B50-42F2-B692-2F23B2560473}.Ad-Hoc|iPhoneSimulator.ActiveCfg = Release|Any CPU
		{3EF6A3EE-9B50-42F2-B692-2F23B2560473}.Ad-Hoc|iPhoneSimulator.Build.0 = Release|Any CPU
		{3EF6A3EE-9B50-42F2-B692-2F23B2560473}.Ad-Hoc|iPhoneSimulator.Deploy.0 = Release|Any CPU
		{3EF6A3EE-9B50-42F2-B692-2F23B2560473}.Ad-Hoc|x64.ActiveCfg = Release|Any CPU
		{3EF6A3EE-9B50-42F2-B692-2F23B2560473}.Ad-Hoc|x64.Build.0 = Release|Any CPU
		{3EF6A3EE-9B50-42F2-B692-2F23B2560473}.Ad-Hoc|x64.Deploy.0 = Release|Any CPU
		{3EF6A3EE-9B50-42F2-B692-2F23B2560473}.Ad-Hoc|x86.ActiveCfg = Release|Any CPU
		{3EF6A3EE-9B50-42F2-B692-2F23B2560473}.Ad-Hoc|x86.Build.0 = Release|Any CPU
		{3EF6A3EE-9B50-42F2-B692-2F23B2560473}.Ad-Hoc|x86.Deploy.0 = Release|Any CPU
		{3EF6A3EE-9B50-42F2-B692-2F23B2560473}.AppStore|Any CPU.ActiveCfg = Release|Any CPU
		{3EF6A3EE-9B50-42F2-B692-2F23B2560473}.AppStore|Any CPU.Build.0 = Release|Any CPU
		{3EF6A3EE-9B50-42F2-B692-2F23B2560473}.AppStore|Any CPU.Deploy.0 = Release|Any CPU
		{3EF6A3EE-9B50-42F2-B692-2F23B2560473}.AppStore|ARM.ActiveCfg = Release|Any CPU
		{3EF6A3EE-9B50-42F2-B692-2F23B2560473}.AppStore|ARM.Build.0 = Release|Any CPU
		{3EF6A3EE-9B50-42F2-B692-2F23B2560473}.AppStore|ARM.Deploy.0 = Release|Any CPU
		{3EF6A3EE-9B50-42F2-B692-2F23B2560473}.AppStore|iPhone.ActiveCfg = Release|Any CPU
		{3EF6A3EE-9B50-42F2-B692-2F23B2560473}.AppStore|iPhone.Build.0 = Release|Any CPU
		{3EF6A3EE-9B50-42F2-B692-2F23B2560473}.AppStore|iPhone.Deploy.0 = Release|Any CPU
		{3EF6A3EE-9B50-42F2-B692-2F23B2560473}.AppStore|iPhoneSimulator.ActiveCfg = Release|Any CPU
		{3EF6A3EE-9B50-42F2-B692-2F23B2560473}.AppStore|iPhoneSimulator.Build.0 = Release|Any CPU
		{3EF6A3EE-9B50-42F2-B692-2F23B2560473}.AppStore|iPhoneSimulator.Deploy.0 = Release|Any CPU
		{3EF6A3EE-9B50-42F2-B692-2F23B2560473}.AppStore|x64.ActiveCfg = Release|Any CPU
		{3EF6A3EE-9B50-42F2-B692-2F23B2560473}.AppStore|x64.Build.0 = Release|Any CPU
		{3EF6A3EE-9B50-42F2-B692-2F23B2560473}.AppStore|x64.Deploy.0 = Release|Any CPU
		{3EF6A3EE-9B50-42F2-B692-2F23B2560473}.AppStore|x86.ActiveCfg = Release|Any CPU
		{3EF6A3EE-9B50-42F2-B692-2F23B2560473}.AppStore|x86.Build.0 = Release|Any CPU
		{3EF6A3EE-9B50-42F2-B692-2F23B2560473}.AppStore|x86.Deploy.0 = Release|Any CPU
		{3EF6A3EE-9B50-42F2-B692-2F23B2560473}.Debug|Any CPU.ActiveCfg = Debug|Any CPU
		{3EF6A3EE-9B50-42F2-B692-2F23B2560473}.Debug|Any CPU.Build.0 = Debug|Any CPU
		{3EF6A3EE-9B50-42F2-B692-2F23B2560473}.Debug|Any CPU.Deploy.0 = Debug|Any CPU
		{3EF6A3EE-9B50-42F2-B692-2F23B2560473}.Debug|ARM.ActiveCfg = Debug|Any CPU
		{3EF6A3EE-9B50-42F2-B692-2F23B2560473}.Debug|ARM.Build.0 = Debug|Any CPU
		{3EF6A3EE-9B50-42F2-B692-2F23B2560473}.Debug|ARM.Deploy.0 = Debug|Any CPU
		{3EF6A3EE-9B50-42F2-B692-2F23B2560473}.Debug|iPhone.ActiveCfg = Debug|Any CPU
		{3EF6A3EE-9B50-42F2-B692-2F23B2560473}.Debug|iPhone.Build.0 = Debug|Any CPU
		{3EF6A3EE-9B50-42F2-B692-2F23B2560473}.Debug|iPhone.Deploy.0 = Debug|Any CPU
		{3EF6A3EE-9B50-42F2-B692-2F23B2560473}.Debug|iPhoneSimulator.ActiveCfg = Debug|Any CPU
		{3EF6A3EE-9B50-42F2-B692-2F23B2560473}.Debug|iPhoneSimulator.Build.0 = Debug|Any CPU
		{3EF6A3EE-9B50-42F2-B692-2F23B2560473}.Debug|iPhoneSimulator.Deploy.0 = Debug|Any CPU
		{3EF6A3EE-9B50-42F2-B692-2F23B2560473}.Debug|x64.ActiveCfg = Debug|Any CPU
		{3EF6A3EE-9B50-42F2-B692-2F23B2560473}.Debug|x64.Build.0 = Debug|Any CPU
		{3EF6A3EE-9B50-42F2-B692-2F23B2560473}.Debug|x64.Deploy.0 = Debug|Any CPU
		{3EF6A3EE-9B50-42F2-B692-2F23B2560473}.Debug|x86.ActiveCfg = Debug|Any CPU
		{3EF6A3EE-9B50-42F2-B692-2F23B2560473}.Debug|x86.Build.0 = Debug|Any CPU
		{3EF6A3EE-9B50-42F2-B692-2F23B2560473}.Debug|x86.Deploy.0 = Debug|Any CPU
		{3EF6A3EE-9B50-42F2-B692-2F23B2560473}.Release|Any CPU.ActiveCfg = Release|Any CPU
		{3EF6A3EE-9B50-42F2-B692-2F23B2560473}.Release|Any CPU.Build.0 = Release|Any CPU
		{3EF6A3EE-9B50-42F2-B692-2F23B2560473}.Release|Any CPU.Deploy.0 = Release|Any CPU
		{3EF6A3EE-9B50-42F2-B692-2F23B2560473}.Release|ARM.ActiveCfg = Release|Any CPU
		{3EF6A3EE-9B50-42F2-B692-2F23B2560473}.Release|ARM.Build.0 = Release|Any CPU
		{3EF6A3EE-9B50-42F2-B692-2F23B2560473}.Release|ARM.Deploy.0 = Release|Any CPU
		{3EF6A3EE-9B50-42F2-B692-2F23B2560473}.Release|iPhone.ActiveCfg = Release|Any CPU
		{3EF6A3EE-9B50-42F2-B692-2F23B2560473}.Release|iPhone.Build.0 = Release|Any CPU
		{3EF6A3EE-9B50-42F2-B692-2F23B2560473}.Release|iPhone.Deploy.0 = Release|Any CPU
		{3EF6A3EE-9B50-42F2-B692-2F23B2560473}.Release|iPhoneSimulator.ActiveCfg = Release|Any CPU
		{3EF6A3EE-9B50-42F2-B692-2F23B2560473}.Release|iPhoneSimulator.Build.0 = Release|Any CPU
		{3EF6A3EE-9B50-42F2-B692-2F23B2560473}.Release|iPhoneSimulator.Deploy.0 = Release|Any CPU
		{3EF6A3EE-9B50-42F2-B692-2F23B2560473}.Release|x64.ActiveCfg = Release|Any CPU
		{3EF6A3EE-9B50-42F2-B692-2F23B2560473}.Release|x64.Build.0 = Release|Any CPU
		{3EF6A3EE-9B50-42F2-B692-2F23B2560473}.Release|x64.Deploy.0 = Release|Any CPU
		{3EF6A3EE-9B50-42F2-B692-2F23B2560473}.Release|x86.ActiveCfg = Release|Any CPU
		{3EF6A3EE-9B50-42F2-B692-2F23B2560473}.Release|x86.Build.0 = Release|Any CPU
		{3EF6A3EE-9B50-42F2-B692-2F23B2560473}.Release|x86.Deploy.0 = Release|Any CPU
		{0CD7B0AE-C9AE-43C0-927D-959AC8EE777B}.Ad-Hoc|Any CPU.ActiveCfg = Release|Any CPU
		{0CD7B0AE-C9AE-43C0-927D-959AC8EE777B}.Ad-Hoc|Any CPU.Build.0 = Release|Any CPU
		{0CD7B0AE-C9AE-43C0-927D-959AC8EE777B}.Ad-Hoc|ARM.ActiveCfg = Release|Any CPU
		{0CD7B0AE-C9AE-43C0-927D-959AC8EE777B}.Ad-Hoc|ARM.Build.0 = Release|Any CPU
		{0CD7B0AE-C9AE-43C0-927D-959AC8EE777B}.Ad-Hoc|iPhone.ActiveCfg = Release|Any CPU
		{0CD7B0AE-C9AE-43C0-927D-959AC8EE777B}.Ad-Hoc|iPhone.Build.0 = Release|Any CPU
		{0CD7B0AE-C9AE-43C0-927D-959AC8EE777B}.Ad-Hoc|iPhoneSimulator.ActiveCfg = Release|Any CPU
		{0CD7B0AE-C9AE-43C0-927D-959AC8EE777B}.Ad-Hoc|iPhoneSimulator.Build.0 = Release|Any CPU
		{0CD7B0AE-C9AE-43C0-927D-959AC8EE777B}.Ad-Hoc|x64.ActiveCfg = Release|Any CPU
		{0CD7B0AE-C9AE-43C0-927D-959AC8EE777B}.Ad-Hoc|x64.Build.0 = Release|Any CPU
		{0CD7B0AE-C9AE-43C0-927D-959AC8EE777B}.Ad-Hoc|x86.ActiveCfg = Release|Any CPU
		{0CD7B0AE-C9AE-43C0-927D-959AC8EE777B}.Ad-Hoc|x86.Build.0 = Release|Any CPU
		{0CD7B0AE-C9AE-43C0-927D-959AC8EE777B}.AppStore|Any CPU.ActiveCfg = Release|Any CPU
		{0CD7B0AE-C9AE-43C0-927D-959AC8EE777B}.AppStore|Any CPU.Build.0 = Release|Any CPU
		{0CD7B0AE-C9AE-43C0-927D-959AC8EE777B}.AppStore|ARM.ActiveCfg = Release|Any CPU
		{0CD7B0AE-C9AE-43C0-927D-959AC8EE777B}.AppStore|ARM.Build.0 = Release|Any CPU
		{0CD7B0AE-C9AE-43C0-927D-959AC8EE777B}.AppStore|iPhone.ActiveCfg = Release|Any CPU
		{0CD7B0AE-C9AE-43C0-927D-959AC8EE777B}.AppStore|iPhone.Build.0 = Release|Any CPU
		{0CD7B0AE-C9AE-43C0-927D-959AC8EE777B}.AppStore|iPhoneSimulator.ActiveCfg = Release|Any CPU
		{0CD7B0AE-C9AE-43C0-927D-959AC8EE777B}.AppStore|iPhoneSimulator.Build.0 = Release|Any CPU
		{0CD7B0AE-C9AE-43C0-927D-959AC8EE777B}.AppStore|x64.ActiveCfg = Release|Any CPU
		{0CD7B0AE-C9AE-43C0-927D-959AC8EE777B}.AppStore|x64.Build.0 = Release|Any CPU
		{0CD7B0AE-C9AE-43C0-927D-959AC8EE777B}.AppStore|x86.ActiveCfg = Release|Any CPU
		{0CD7B0AE-C9AE-43C0-927D-959AC8EE777B}.AppStore|x86.Build.0 = Release|Any CPU
		{0CD7B0AE-C9AE-43C0-927D-959AC8EE777B}.Debug|Any CPU.ActiveCfg = Debug|Any CPU
		{0CD7B0AE-C9AE-43C0-927D-959AC8EE777B}.Debug|Any CPU.Build.0 = Debug|Any CPU
		{0CD7B0AE-C9AE-43C0-927D-959AC8EE777B}.Debug|ARM.ActiveCfg = Debug|Any CPU
		{0CD7B0AE-C9AE-43C0-927D-959AC8EE777B}.Debug|ARM.Build.0 = Debug|Any CPU
		{0CD7B0AE-C9AE-43C0-927D-959AC8EE777B}.Debug|iPhone.ActiveCfg = Debug|Any CPU
		{0CD7B0AE-C9AE-43C0-927D-959AC8EE777B}.Debug|iPhone.Build.0 = Debug|Any CPU
		{0CD7B0AE-C9AE-43C0-927D-959AC8EE777B}.Debug|iPhoneSimulator.ActiveCfg = Debug|Any CPU
		{0CD7B0AE-C9AE-43C0-927D-959AC8EE777B}.Debug|iPhoneSimulator.Build.0 = Debug|Any CPU
		{0CD7B0AE-C9AE-43C0-927D-959AC8EE777B}.Debug|x64.ActiveCfg = Debug|Any CPU
		{0CD7B0AE-C9AE-43C0-927D-959AC8EE777B}.Debug|x64.Build.0 = Debug|Any CPU
		{0CD7B0AE-C9AE-43C0-927D-959AC8EE777B}.Debug|x86.ActiveCfg = Debug|Any CPU
		{0CD7B0AE-C9AE-43C0-927D-959AC8EE777B}.Debug|x86.Build.0 = Debug|Any CPU
		{0CD7B0AE-C9AE-43C0-927D-959AC8EE777B}.Release|Any CPU.ActiveCfg = Release|Any CPU
		{0CD7B0AE-C9AE-43C0-927D-959AC8EE777B}.Release|Any CPU.Build.0 = Release|Any CPU
		{0CD7B0AE-C9AE-43C0-927D-959AC8EE777B}.Release|ARM.ActiveCfg = Release|Any CPU
		{0CD7B0AE-C9AE-43C0-927D-959AC8EE777B}.Release|ARM.Build.0 = Release|Any CPU
		{0CD7B0AE-C9AE-43C0-927D-959AC8EE777B}.Release|iPhone.ActiveCfg = Release|Any CPU
		{0CD7B0AE-C9AE-43C0-927D-959AC8EE777B}.Release|iPhone.Build.0 = Release|Any CPU
		{0CD7B0AE-C9AE-43C0-927D-959AC8EE777B}.Release|iPhoneSimulator.ActiveCfg = Release|Any CPU
		{0CD7B0AE-C9AE-43C0-927D-959AC8EE777B}.Release|iPhoneSimulator.Build.0 = Release|Any CPU
		{0CD7B0AE-C9AE-43C0-927D-959AC8EE777B}.Release|x64.ActiveCfg = Release|Any CPU
		{0CD7B0AE-C9AE-43C0-927D-959AC8EE777B}.Release|x64.Build.0 = Release|Any CPU
		{0CD7B0AE-C9AE-43C0-927D-959AC8EE777B}.Release|x86.ActiveCfg = Release|Any CPU
		{0CD7B0AE-C9AE-43C0-927D-959AC8EE777B}.Release|x86.Build.0 = Release|Any CPU
		{D918DCA4-33A1-4A31-980C-32EBED921247}.Ad-Hoc|Any CPU.ActiveCfg = Release|x86
		{D918DCA4-33A1-4A31-980C-32EBED921247}.Ad-Hoc|Any CPU.Build.0 = Release|x86
		{D918DCA4-33A1-4A31-980C-32EBED921247}.Ad-Hoc|Any CPU.Deploy.0 = Release|x86
		{D918DCA4-33A1-4A31-980C-32EBED921247}.Ad-Hoc|ARM.ActiveCfg = Release|ARM
		{D918DCA4-33A1-4A31-980C-32EBED921247}.Ad-Hoc|ARM.Build.0 = Release|ARM
		{D918DCA4-33A1-4A31-980C-32EBED921247}.Ad-Hoc|ARM.Deploy.0 = Release|ARM
		{D918DCA4-33A1-4A31-980C-32EBED921247}.Ad-Hoc|iPhone.ActiveCfg = Release|x86
		{D918DCA4-33A1-4A31-980C-32EBED921247}.Ad-Hoc|iPhone.Build.0 = Release|x86
		{D918DCA4-33A1-4A31-980C-32EBED921247}.Ad-Hoc|iPhone.Deploy.0 = Release|x86
		{D918DCA4-33A1-4A31-980C-32EBED921247}.Ad-Hoc|iPhoneSimulator.ActiveCfg = Release|x86
		{D918DCA4-33A1-4A31-980C-32EBED921247}.Ad-Hoc|iPhoneSimulator.Build.0 = Release|x86
		{D918DCA4-33A1-4A31-980C-32EBED921247}.Ad-Hoc|iPhoneSimulator.Deploy.0 = Release|x86
		{D918DCA4-33A1-4A31-980C-32EBED921247}.Ad-Hoc|x64.ActiveCfg = Release|x64
		{D918DCA4-33A1-4A31-980C-32EBED921247}.Ad-Hoc|x64.Build.0 = Release|x64
		{D918DCA4-33A1-4A31-980C-32EBED921247}.Ad-Hoc|x64.Deploy.0 = Release|x64
		{D918DCA4-33A1-4A31-980C-32EBED921247}.Ad-Hoc|x86.ActiveCfg = Release|x86
		{D918DCA4-33A1-4A31-980C-32EBED921247}.Ad-Hoc|x86.Build.0 = Release|x86
		{D918DCA4-33A1-4A31-980C-32EBED921247}.Ad-Hoc|x86.Deploy.0 = Release|x86
		{D918DCA4-33A1-4A31-980C-32EBED921247}.AppStore|Any CPU.ActiveCfg = Release|x86
		{D918DCA4-33A1-4A31-980C-32EBED921247}.AppStore|Any CPU.Build.0 = Release|x86
		{D918DCA4-33A1-4A31-980C-32EBED921247}.AppStore|Any CPU.Deploy.0 = Release|x86
		{D918DCA4-33A1-4A31-980C-32EBED921247}.AppStore|ARM.ActiveCfg = Release|ARM
		{D918DCA4-33A1-4A31-980C-32EBED921247}.AppStore|ARM.Build.0 = Release|ARM
		{D918DCA4-33A1-4A31-980C-32EBED921247}.AppStore|ARM.Deploy.0 = Release|ARM
		{D918DCA4-33A1-4A31-980C-32EBED921247}.AppStore|iPhone.ActiveCfg = Release|x86
		{D918DCA4-33A1-4A31-980C-32EBED921247}.AppStore|iPhone.Build.0 = Release|x86
		{D918DCA4-33A1-4A31-980C-32EBED921247}.AppStore|iPhone.Deploy.0 = Release|x86
		{D918DCA4-33A1-4A31-980C-32EBED921247}.AppStore|iPhoneSimulator.ActiveCfg = Release|x86
		{D918DCA4-33A1-4A31-980C-32EBED921247}.AppStore|iPhoneSimulator.Build.0 = Release|x86
		{D918DCA4-33A1-4A31-980C-32EBED921247}.AppStore|iPhoneSimulator.Deploy.0 = Release|x86
		{D918DCA4-33A1-4A31-980C-32EBED921247}.AppStore|x64.ActiveCfg = Release|x64
		{D918DCA4-33A1-4A31-980C-32EBED921247}.AppStore|x64.Build.0 = Release|x64
		{D918DCA4-33A1-4A31-980C-32EBED921247}.AppStore|x64.Deploy.0 = Release|x64
		{D918DCA4-33A1-4A31-980C-32EBED921247}.AppStore|x86.ActiveCfg = Release|x86
		{D918DCA4-33A1-4A31-980C-32EBED921247}.AppStore|x86.Build.0 = Release|x86
		{D918DCA4-33A1-4A31-980C-32EBED921247}.AppStore|x86.Deploy.0 = Release|x86
		{D918DCA4-33A1-4A31-980C-32EBED921247}.Debug|Any CPU.ActiveCfg = Debug|x86
		{D918DCA4-33A1-4A31-980C-32EBED921247}.Debug|Any CPU.Build.0 = Debug|x86
		{D918DCA4-33A1-4A31-980C-32EBED921247}.Debug|Any CPU.Deploy.0 = Debug|x86
		{D918DCA4-33A1-4A31-980C-32EBED921247}.Debug|ARM.ActiveCfg = Debug|ARM
		{D918DCA4-33A1-4A31-980C-32EBED921247}.Debug|ARM.Build.0 = Debug|ARM
		{D918DCA4-33A1-4A31-980C-32EBED921247}.Debug|ARM.Deploy.0 = Debug|ARM
		{D918DCA4-33A1-4A31-980C-32EBED921247}.Debug|iPhone.ActiveCfg = Debug|x86
		{D918DCA4-33A1-4A31-980C-32EBED921247}.Debug|iPhoneSimulator.ActiveCfg = Debug|x86
		{D918DCA4-33A1-4A31-980C-32EBED921247}.Debug|x64.ActiveCfg = Debug|x64
		{D918DCA4-33A1-4A31-980C-32EBED921247}.Debug|x64.Build.0 = Debug|x64
		{D918DCA4-33A1-4A31-980C-32EBED921247}.Debug|x64.Deploy.0 = Debug|x64
		{D918DCA4-33A1-4A31-980C-32EBED921247}.Debug|x86.ActiveCfg = Debug|x86
		{D918DCA4-33A1-4A31-980C-32EBED921247}.Debug|x86.Build.0 = Debug|x86
		{D918DCA4-33A1-4A31-980C-32EBED921247}.Debug|x86.Deploy.0 = Debug|x86
		{D918DCA4-33A1-4A31-980C-32EBED921247}.Release|Any CPU.ActiveCfg = Release|x86
		{D918DCA4-33A1-4A31-980C-32EBED921247}.Release|ARM.ActiveCfg = Release|ARM
		{D918DCA4-33A1-4A31-980C-32EBED921247}.Release|ARM.Build.0 = Release|ARM
		{D918DCA4-33A1-4A31-980C-32EBED921247}.Release|ARM.Deploy.0 = Release|ARM
		{D918DCA4-33A1-4A31-980C-32EBED921247}.Release|iPhone.ActiveCfg = Release|x86
		{D918DCA4-33A1-4A31-980C-32EBED921247}.Release|iPhoneSimulator.ActiveCfg = Release|x86
		{D918DCA4-33A1-4A31-980C-32EBED921247}.Release|x64.ActiveCfg = Release|x64
		{D918DCA4-33A1-4A31-980C-32EBED921247}.Release|x64.Build.0 = Release|x64
		{D918DCA4-33A1-4A31-980C-32EBED921247}.Release|x64.Deploy.0 = Release|x64
		{D918DCA4-33A1-4A31-980C-32EBED921247}.Release|x86.ActiveCfg = Release|x86
		{D918DCA4-33A1-4A31-980C-32EBED921247}.Release|x86.Build.0 = Release|x86
		{D918DCA4-33A1-4A31-980C-32EBED921247}.Release|x86.Deploy.0 = Release|x86
		{038EEC7E-B469-462B-B8E7-39DC69C58E73}.Ad-Hoc|Any CPU.ActiveCfg = Ad-Hoc|iPhone
		{038EEC7E-B469-462B-B8E7-39DC69C58E73}.Ad-Hoc|ARM.ActiveCfg = Ad-Hoc|iPhone
		{038EEC7E-B469-462B-B8E7-39DC69C58E73}.Ad-Hoc|iPhone.ActiveCfg = Ad-Hoc|iPhone
		{038EEC7E-B469-462B-B8E7-39DC69C58E73}.Ad-Hoc|iPhone.Build.0 = Ad-Hoc|iPhone
		{038EEC7E-B469-462B-B8E7-39DC69C58E73}.Ad-Hoc|iPhoneSimulator.ActiveCfg = Ad-Hoc|iPhoneSimulator
		{038EEC7E-B469-462B-B8E7-39DC69C58E73}.Ad-Hoc|iPhoneSimulator.Build.0 = Ad-Hoc|iPhoneSimulator
		{038EEC7E-B469-462B-B8E7-39DC69C58E73}.Ad-Hoc|x64.ActiveCfg = Ad-Hoc|iPhone
		{038EEC7E-B469-462B-B8E7-39DC69C58E73}.Ad-Hoc|x86.ActiveCfg = Ad-Hoc|iPhone
		{038EEC7E-B469-462B-B8E7-39DC69C58E73}.AppStore|Any CPU.ActiveCfg = AppStore|iPhone
		{038EEC7E-B469-462B-B8E7-39DC69C58E73}.AppStore|ARM.ActiveCfg = AppStore|iPhone
		{038EEC7E-B469-462B-B8E7-39DC69C58E73}.AppStore|iPhone.ActiveCfg = AppStore|iPhone
		{038EEC7E-B469-462B-B8E7-39DC69C58E73}.AppStore|iPhone.Build.0 = AppStore|iPhone
		{038EEC7E-B469-462B-B8E7-39DC69C58E73}.AppStore|iPhoneSimulator.ActiveCfg = AppStore|iPhoneSimulator
		{038EEC7E-B469-462B-B8E7-39DC69C58E73}.AppStore|iPhoneSimulator.Build.0 = AppStore|iPhoneSimulator
		{038EEC7E-B469-462B-B8E7-39DC69C58E73}.AppStore|x64.ActiveCfg = AppStore|iPhone
		{038EEC7E-B469-462B-B8E7-39DC69C58E73}.AppStore|x86.ActiveCfg = AppStore|iPhone
		{038EEC7E-B469-462B-B8E7-39DC69C58E73}.Debug|Any CPU.ActiveCfg = Debug|iPhone
		{038EEC7E-B469-462B-B8E7-39DC69C58E73}.Debug|ARM.ActiveCfg = Debug|iPhone
		{038EEC7E-B469-462B-B8E7-39DC69C58E73}.Debug|iPhone.ActiveCfg = Debug|iPhone
		{038EEC7E-B469-462B-B8E7-39DC69C58E73}.Debug|iPhone.Build.0 = Debug|iPhone
		{038EEC7E-B469-462B-B8E7-39DC69C58E73}.Debug|iPhoneSimulator.ActiveCfg = Debug|iPhoneSimulator
		{038EEC7E-B469-462B-B8E7-39DC69C58E73}.Debug|iPhoneSimulator.Build.0 = Debug|iPhoneSimulator
		{038EEC7E-B469-462B-B8E7-39DC69C58E73}.Debug|x64.ActiveCfg = Debug|iPhone
		{038EEC7E-B469-462B-B8E7-39DC69C58E73}.Debug|x86.ActiveCfg = Debug|iPhone
		{038EEC7E-B469-462B-B8E7-39DC69C58E73}.Release|Any CPU.ActiveCfg = Release|iPhone
		{038EEC7E-B469-462B-B8E7-39DC69C58E73}.Release|ARM.ActiveCfg = Release|iPhone
		{038EEC7E-B469-462B-B8E7-39DC69C58E73}.Release|iPhone.ActiveCfg = Release|iPhone
		{038EEC7E-B469-462B-B8E7-39DC69C58E73}.Release|iPhone.Build.0 = Release|iPhone
		{038EEC7E-B469-462B-B8E7-39DC69C58E73}.Release|iPhoneSimulator.ActiveCfg = Release|iPhoneSimulator
		{038EEC7E-B469-462B-B8E7-39DC69C58E73}.Release|iPhoneSimulator.Build.0 = Release|iPhoneSimulator
		{038EEC7E-B469-462B-B8E7-39DC69C58E73}.Release|x64.ActiveCfg = Release|iPhone
		{038EEC7E-B469-462B-B8E7-39DC69C58E73}.Release|x86.ActiveCfg = Release|iPhone
	EndGlobalSection
	GlobalSection(SolutionProperties) = preSolution
		HideSolutionNode = FALSE
	EndGlobalSection
EndGlobal
